
Microsoft Visual Studio Solution File, Format Version 12.00
# Visual Studio Version 16
VisualStudioVersion = 16.0.31829.152
MinimumVisualStudioVersion = 10.0.40219.1
Project("{FAE04EC0-301F-11D3-BF4B-00C04F79EFBC}") = "Class_14", "Class_14\Class_14.csproj", "{791306C4-4ECF-48A3-AE73-4B657AA304D6}"
EndProject
Global
	GlobalSection(SolutionConfigurationPlatforms) = preSolution
		Debug|Any CPU = Debug|Any CPU
		Release|Any CPU = Release|Any CPU
	EndGlobalSection
	GlobalSection(ProjectConfigurationPlatforms) = postSolution
		{791306C4-4ECF-48A3-AE73-4B657AA304D6}.Debug|Any CPU.ActiveCfg = Debug|Any CPU
		{791306C4-4ECF-48A3-AE73-4B657AA304D6}.Debug|Any CPU.Build.0 = Debug|Any CPU
		{791306C4-4ECF-48A3-AE73-4B657AA304D6}.Release|Any CPU.ActiveCfg = Release|Any CPU
		{791306C4-4ECF-48A3-AE73-4B657AA304D6}.Release|Any CPU.Build.0 = Release|Any CPU
	EndGlobalSection
	GlobalSection(SolutionProperties) = preSolution
		HideSolutionNode = FALSE
	EndGlobalSection
	GlobalSection(ExtensibilityGlobals) = postSolution
		SolutionGuid = {0A75D459-D14F-43B1-B012-0E13BEE8A9E2}
	EndGlobalSection
EndGlobal
